PODS:
  - appcenter-analytics (3.1.1):
    - AppCenter/Analytics
    - AppCenterReactNativeShared
    - React
  - appcenter-core (3.1.1):
    - AppCenterReactNativeShared
    - React
  - appcenter-crashes (3.1.1):
    - AppCenter/Crashes
    - AppCenterReactNativeShared
    - React
  - AppCenter/Analytics (3.3.1):
    - AppCenter/Core
  - AppCenter/Core (3.3.1)
  - AppCenter/Crashes (3.3.1):
    - AppCenter/Core
  - AppCenterReactNativeShared (3.1.0):
    - AppCenter/Core (= 3.3.1)
  - boost-for-react-native (1.63.0)
  - Crashlytics (3.14.0):
    - Fabric (~> 1.10.2)
  - DoubleConversion (1.1.6)
  - Fabric (1.10.2)
  - FBLazyVector (0.61.5)
  - FBReactNativeSpec (0.61.5):
    - Folly (= 2018.10.22.00)
    - RCTRequired (= 0.61.5)
    - RCTTypeSafety (= 0.61.5)
    - React-Core (= 0.61.5)
    - React-jsi (= 0.61.5)
    - ReactCommon/turbomodule/core (= 0.61.5)
  - Firebase/Core (6.3.0):
    - Firebase/CoreOnly
    - FirebaseAnalytics (= 6.0.2)
  - Firebase/CoreOnly (6.3.0):
    - FirebaseCore (= 6.0.3)
  - Firebase/Messaging (6.3.0):
    - Firebase/CoreOnly
    - FirebaseMessaging (~> 4.1.0)
  - FirebaseAnalytics (6.0.2):
    - FirebaseCore (~> 6.0)
    - FirebaseInstanceID (~> 4.2)
    - GoogleAppMeasurement (= 6.0.2)
    - GoogleUtilities/AppDelegateSwizzler (~> 6.0)
    - GoogleUtilities/MethodSwizzler (~> 6.0)
    - GoogleUtilities/Network (~> 6.0)
    - "GoogleUtilities/NSData+zlib (~> 6.0)"
    - nanopb (~> 0.3)
  - FirebaseAnalyticsInterop (1.5.0)
  - FirebaseCore (6.0.3):
    - GoogleUtilities/Environment (~> 6.0)
    - GoogleUtilities/Logger (~> 6.0)
  - FirebaseInstanceID (4.2.7):
    - FirebaseCore (~> 6.0)
    - GoogleUtilities/Environment (~> 6.0)
    - GoogleUtilities/UserDefaults (~> 6.0)
  - FirebaseMessaging (4.1.1):
    - FirebaseAnalyticsInterop (~> 1.1)
    - FirebaseCore (~> 6.0)
    - FirebaseInstanceID (~> 4.1)
    - GoogleUtilities/AppDelegateSwizzler (~> 6.2)
    - GoogleUtilities/Environment (~> 6.2)
    - GoogleUtilities/Reachability (~> 6.2)
    - GoogleUtilities/UserDefaults (~> 6.2)
    - Protobuf (~> 3.1)
  - Folly (2018.10.22.00):
    - boost-for-react-native
    - DoubleConversion
    - Folly/Default (= 2018.10.22.00)
    - glog
  - Folly/Default (2018.10.22.00):
    - boost-for-react-native
    - DoubleConversion
    - glog
  - glog (0.3.5)
  - GoogleAppMeasurement (6.0.2):
    - GoogleUtilities/AppDelegateSwizzler (~> 6.0)
    - GoogleUtilities/MethodSwizzler (~> 6.0)
    - GoogleUtilities/Network (~> 6.0)
    - "GoogleUtilities/NSData+zlib (~> 6.0)"
    - nanopb (~> 0.3)
  - GoogleUtilities/AppDelegateSwizzler (6.7.1):
    - GoogleUtilities/Environment
    - GoogleUtilities/Logger
    - GoogleUtilities/Network
  - GoogleUtilities/Environment (6.7.1):
    - PromisesObjC (~> 1.2)
  - GoogleUtilities/Logger (6.7.1):
    - GoogleUtilities/Environment
  - GoogleUtilities/MethodSwizzler (6.7.1):
    - GoogleUtilities/Logger
  - GoogleUtilities/Network (6.7.1):
    - GoogleUtilities/Logger
    - "GoogleUtilities/NSData+zlib"
    - GoogleUtilities/Reachability
  - "GoogleUtilities/NSData+zlib (6.7.1)"
  - GoogleUtilities/Reachability (6.7.1):
    - GoogleUtilities/Logger
  - GoogleUtilities/UserDefaults (6.7.1):
    - GoogleUtilities/Logger
  - libwebp (1.1.0):
    - libwebp/demux (= 1.1.0)
    - libwebp/mux (= 1.1.0)
    - libwebp/webp (= 1.1.0)
  - libwebp/demux (1.1.0):
    - libwebp/webp
  - libwebp/mux (1.1.0):
    - libwebp/demux
  - libwebp/webp (1.1.0)
  - nanopb (0.3.9011):
    - nanopb/decode (= 0.3.9011)
    - nanopb/encode (= 0.3.9011)
  - nanopb/decode (0.3.9011)
  - nanopb/encode (0.3.9011)
  - PromisesObjC (1.2.9)
  - Protobuf (3.12.0)
  - RCTRequired (0.61.5)
  - RCTTypeSafety (0.61.5):
    - FBLazyVector (= 0.61.5)
    - Folly (= 2018.10.22.00)
    - RCTRequired (= 0.61.5)
    - React-Core (= 0.61.5)
  - RCTYouTube (2.0.1):
    - React
    - YoutubePlayer-in-WKWebView (~> 0.3.1)
  - React (0.61.5):
    - React-Core (= 0.61.5)
    - React-Core/DevSupport (= 0.61.5)
    - React-Core/RCTWebSocket (= 0.61.5)
    - React-RCTActionSheet (= 0.61.5)
    - React-RCTAnimation (= 0.61.5)
    - React-RCTBlob (= 0.61.5)
    - React-RCTImage (= 0.61.5)
    - React-RCTLinking (= 0.61.5)
    - React-RCTNetwork (= 0.61.5)
    - React-RCTSettings (= 0.61.5)
    - React-RCTText (= 0.61.5)
    - React-RCTVibration (= 0.61.5)
  - React-Core (0.61.5):
    - Folly (= 2018.10.22.00)
    - glog
    - React-Core/Default (= 0.61.5)
    - React-cxxreact (= 0.61.5)
    - React-jsi (= 0.61.5)
    - React-jsiexecutor (= 0.61.5)
    - Yoga
  - React-Core/CoreModulesHeaders (0.61.5):
    - Folly (= 2018.10.22.00)
    - glog
    - React-Core/Default
    - React-cxxreact (= 0.61.5)
    - React-jsi (= 0.61.5)
    - React-jsiexecutor (= 0.61.5)
    - Yoga
  - React-Core/Default (0.61.5):
    - Folly (= 2018.10.22.00)
    - glog
    - React-cxxreact (= 0.61.5)
    - React-jsi (= 0.61.5)
    - React-jsiexecutor (= 0.61.5)
    - Yoga
  - React-Core/DevSupport (0.61.5):
    - Folly (= 2018.10.22.00)
    - glog
    - React-Core/Default (= 0.61.5)
    - React-Core/RCTWebSocket (= 0.61.5)
    - React-cxxreact (= 0.61.5)
    - React-jsi (= 0.61.5)
    - React-jsiexecutor (= 0.61.5)
    - React-jsinspector (= 0.61.5)
    - Yoga
  - React-Core/RCTActionSheetHeaders (0.61.5):
    - Folly (= 2018.10.22.00)
    - glog
    - React-Core/Default
    - React-cxxreact (= 0.61.5)
    - React-jsi (= 0.61.5)
    - React-jsiexecutor (= 0.61.5)
    - Yoga
  - React-Core/RCTAnimationHeaders (0.61.5):
    - Folly (= 2018.10.22.00)
    - glog
    - React-Core/Default
    - React-cxxreact (= 0.61.5)
    - React-jsi (= 0.61.5)
    - React-jsiexecutor (= 0.61.5)
    - Yoga
  - React-Core/RCTBlobHeaders (0.61.5):
    - Folly (= 2018.10.22.00)
    - glog
    - React-Core/Default
    - React-cxxreact (= 0.61.5)
    - React-jsi (= 0.61.5)
    - React-jsiexecutor (= 0.61.5)
    - Yoga
  - React-Core/RCTImageHeaders (0.61.5):
    - Folly (= 2018.10.22.00)
    - glog
    - React-Core/Default
    - React-cxxreact (= 0.61.5)
    - React-jsi (= 0.61.5)
    - React-jsiexecutor (= 0.61.5)
    - Yoga
  - React-Core/RCTLinkingHeaders (0.61.5):
    - Folly (= 2018.10.22.00)
    - glog
    - React-Core/Default
    - React-cxxreact (= 0.61.5)
    - React-jsi (= 0.61.5)
    - React-jsiexecutor (= 0.61.5)
    - Yoga
  - React-Core/RCTNetworkHeaders (0.61.5):
    - Folly (= 2018.10.22.00)
    - glog
    - React-Core/Default
    - React-cxxreact (= 0.61.5)
    - React-jsi (= 0.61.5)
    - React-jsiexecutor (= 0.61.5)
    - Yoga
  - React-Core/RCTSettingsHeaders (0.61.5):
    - Folly (= 2018.10.22.00)
    - glog
    - React-Core/Default
    - React-cxxreact (= 0.61.5)
    - React-jsi (= 0.61.5)
    - React-jsiexecutor (= 0.61.5)
    - Yoga
  - React-Core/RCTTextHeaders (0.61.5):
    - Folly (= 2018.10.22.00)
    - glog
    - React-Core/Default
    - React-cxxreact (= 0.61.5)
    - React-jsi (= 0.61.5)
    - React-jsiexecutor (= 0.61.5)
    - Yoga
  - React-Core/RCTVibrationHeaders (0.61.5):
    - Folly (= 2018.10.22.00)
    - glog
    - React-Core/Default
    - React-cxxreact (= 0.61.5)
    - React-jsi (= 0.61.5)
    - React-jsiexecutor (= 0.61.5)
    - Yoga
  - React-Core/RCTWebSocket (0.61.5):
    - Folly (= 2018.10.22.00)
    - glog
    - React-Core/Default (= 0.61.5)
    - React-cxxreact (= 0.61.5)
    - React-jsi (= 0.61.5)
    - React-jsiexecutor (= 0.61.5)
    - Yoga
  - React-CoreModules (0.61.5):
    - FBReactNativeSpec (= 0.61.5)
    - Folly (= 2018.10.22.00)
    - RCTTypeSafety (= 0.61.5)
    - React-Core/CoreModulesHeaders (= 0.61.5)
    - React-RCTImage (= 0.61.5)
    - ReactCommon/turbomodule/core (= 0.61.5)
  - React-cxxreact (0.61.5):
    - boost-for-react-native (= 1.63.0)
    - DoubleConversion
    - Folly (= 2018.10.22.00)
    - glog
    - React-jsinspector (= 0.61.5)
  - React-jsi (0.61.5):
    - boost-for-react-native (= 1.63.0)
    - DoubleConversion
    - Folly (= 2018.10.22.00)
    - glog
    - React-jsi/Default (= 0.61.5)
  - React-jsi/Default (0.61.5):
    - boost-for-react-native (= 1.63.0)
    - DoubleConversion
    - Folly (= 2018.10.22.00)
    - glog
  - React-jsiexecutor (0.61.5):
    - DoubleConversion
    - Folly (= 2018.10.22.00)
    - glog
    - React-cxxreact (= 0.61.5)
    - React-jsi (= 0.61.5)
  - React-jsinspector (0.61.5)
  - react-native-document-picker (3.5.4):
    - React
  - react-native-image-base64 (0.1.4):
    - React
  - react-native-image-picker (2.3.3):
    - React
  - react-native-orientation (3.1.3):
    - React
  - react-native-safe-area-context (0.6.4):
    - React
  - react-native-sensitive-info (5.5.8):
    - React
  - react-native-simple-toast (1.1.2):
    - React
    - Toast (~> 4.0.0)
  - react-native-slider (3.0.3):
    - React
  - react-native-splash-screen (3.2.0):
    - React
  - react-native-video (4.4.5):
    - React
    - react-native-video/Video (= 4.4.5)
  - react-native-video/Video (4.4.5):
    - React
  - react-native-webrtc (1.84.0):
    - React
  - react-native-webview (10.3.3):
    - React
  - React-RCTActionSheet (0.61.5):
    - React-Core/RCTActionSheetHeaders (= 0.61.5)
  - React-RCTAnimation (0.61.5):
    - React-Core/RCTAnimationHeaders (= 0.61.5)
  - React-RCTBlob (0.61.5):
    - React-Core/RCTBlobHeaders (= 0.61.5)
    - React-Core/RCTWebSocket (= 0.61.5)
    - React-jsi (= 0.61.5)
    - React-RCTNetwork (= 0.61.5)
  - React-RCTImage (0.61.5):
    - React-Core/RCTImageHeaders (= 0.61.5)
    - React-RCTNetwork (= 0.61.5)
  - React-RCTLinking (0.61.5):
    - React-Core/RCTLinkingHeaders (= 0.61.5)
  - React-RCTNetwork (0.61.5):
    - React-Core/RCTNetworkHeaders (= 0.61.5)
  - React-RCTSettings (0.61.5):
    - React-Core/RCTSettingsHeaders (= 0.61.5)
  - React-RCTText (0.61.5):
    - React-Core/RCTTextHeaders (= 0.61.5)
  - React-RCTVibration (0.61.5):
    - React-Core/RCTVibrationHeaders (= 0.61.5)
  - ReactCommon/jscallinvoker (0.61.5):
    - DoubleConversion
    - Folly (= 2018.10.22.00)
    - glog
    - React-cxxreact (= 0.61.5)
  - ReactCommon/turbomodule/core (0.61.5):
    - DoubleConversion
    - Folly (= 2018.10.22.00)
    - glog
    - React-Core (= 0.61.5)
    - React-cxxreact (= 0.61.5)
    - React-jsi (= 0.61.5)
    - ReactCommon/jscallinvoker (= 0.61.5)
  - ReactNativeART (1.2.0):
    - React
  - ReactNativeIncallManager (3.2.7):
    - React
  - rn-fetch-blob (0.12.0):
    - React-Core
  - RNCallKeep (3.0.12):
    - React
  - RNCAsyncStorage (1.11.0):
    - React
  - RNCMaskedView (0.1.10):
    - React
  - RNDeviceInfo (5.6.3):
    - React
  - RNFastImage (7.0.2):
    - React
    - SDWebImage (~> 5.0)
    - SDWebImageWebPCoder (~> 0.2.3)
  - RNFirebase (5.6.0):
    - Firebase/Core
    - React
    - RNFirebase/Crashlytics (= 5.6.0)
  - RNFirebase/Crashlytics (5.6.0):
    - Crashlytics
    - Fabric
    - Firebase/Core
    - React
  - RNGestureHandler (1.7.0):
    - React
  - RNImageCropPicker (0.32.2):
    - React-Core
    - React-RCTImage
    - RNImageCropPicker/QBImagePickerController (= 0.32.2)
    - TOCropViewController
  - RNImageCropPicker/QBImagePickerController (0.32.2):
    - React-Core
    - React-RCTImage
    - TOCropViewController
  - RNReanimated (1.10.1):
    - React
  - RNScreens (2.9.0):
    - React
  - RNSound (0.11.0):
    - React
    - RNSound/Core (= 0.11.0)
  - RNSound/Core (0.11.0):
    - React
  - RNSVG (11.0.1):
    - React
  - RNVectorIcons (6.7.0):
    - React
  - RNVoipPushNotification (2.1.0):
    - React-Core
  - SDWebImage (5.8.4):
    - SDWebImage/Core (= 5.8.4)
  - SDWebImage/Core (5.8.4)
  - SDWebImageWebPCoder (0.2.5):
    - libwebp (~> 1.0)
    - SDWebImage/Core (~> 5.0)
  - Toast (4.0.0)
  - TOCropViewController (2.5.4)
  - toolbar-android (0.1.0-rc.2):
    - React
  - Yoga (1.14.0)
  - YoutubePlayer-in-WKWebView (0.3.4)

DEPENDENCIES:
  - appcenter-analytics (from `../node_modules/appcenter-analytics/ios`)
  - appcenter-core (from `../node_modules/appcenter/ios`)
  - appcenter-crashes (from `../node_modules/appcenter-crashes/ios`)
  - DoubleConversion (from `../node_modules/react-native/third-party-podspecs/DoubleConversion.podspec`)
  - FBLazyVector (from `../node_modules/react-native/Libraries/FBLazyVector`)
  - FBReactNativeSpec (from `../node_modules/react-native/Libraries/FBReactNativeSpec`)
  - Firebase/Core (~> 6.3.0)
  - Firebase/Messaging (~> 6.3.0)
  - Folly (from `../node_modules/react-native/third-party-podspecs/Folly.podspec`)
  - glog (from `../node_modules/react-native/third-party-podspecs/glog.podspec`)
  - RCTRequired (from `../node_modules/react-native/Libraries/RCTRequired`)
  - RCTTypeSafety (from `../node_modules/react-native/Libraries/TypeSafety`)
  - RCTYouTube (from `../node_modules/react-native-youtube`)
  - React (from `../node_modules/react-native/`)
  - React-Core (from `../node_modules/react-native/`)
  - React-Core/DevSupport (from `../node_modules/react-native/`)
  - React-Core/RCTWebSocket (from `../node_modules/react-native/`)
  - React-CoreModules (from `../node_modules/react-native/React/CoreModules`)
  - React-cxxreact (from `../node_modules/react-native/ReactCommon/cxxreact`)
  - React-jsi (from `../node_modules/react-native/ReactCommon/jsi`)
  - React-jsiexecutor (from `../node_modules/react-native/ReactCommon/jsiexecutor`)
  - React-jsinspector (from `../node_modules/react-native/ReactCommon/jsinspector`)
  - react-native-document-picker (from `../node_modules/react-native-document-picker`)
  - react-native-image-base64 (from `../node_modules/react-native-image-base64`)
  - react-native-image-picker (from `../node_modules/react-native-image-picker`)
  - react-native-orientation (from `../node_modules/react-native-orientation`)
  - react-native-safe-area-context (from `../node_modules/react-native-safe-area-context`)
  - react-native-sensitive-info (from `../node_modules/react-native-sensitive-info`)
  - react-native-simple-toast (from `../node_modules/react-native-simple-toast`)
  - "react-native-slider (from `../node_modules/@react-native-community/slider`)"
  - react-native-splash-screen (from `../node_modules/react-native-splash-screen`)
  - react-native-video (from `../node_modules/react-native-video`)
  - react-native-webrtc (from `../node_modules/react-native-webrtc`)
  - react-native-webview (from `../node_modules/react-native-webview`)
  - React-RCTActionSheet (from `../node_modules/react-native/Libraries/ActionSheetIOS`)
  - React-RCTAnimation (from `../node_modules/react-native/Libraries/NativeAnimation`)
  - React-RCTBlob (from `../node_modules/react-native/Libraries/Blob`)
  - React-RCTImage (from `../node_modules/react-native/Libraries/Image`)
  - React-RCTLinking (from `../node_modules/react-native/Libraries/LinkingIOS`)
  - React-RCTNetwork (from `../node_modules/react-native/Libraries/Network`)
  - React-RCTSettings (from `../node_modules/react-native/Libraries/Settings`)
  - React-RCTText (from `../node_modules/react-native/Libraries/Text`)
  - React-RCTVibration (from `../node_modules/react-native/Libraries/Vibration`)
  - ReactCommon/jscallinvoker (from `../node_modules/react-native/ReactCommon`)
  - ReactCommon/turbomodule/core (from `../node_modules/react-native/ReactCommon`)
  - "ReactNativeART (from `../node_modules/@react-native-community/art`)"
  - ReactNativeIncallManager (from `../node_modules/react-native-incall-manager`)
  - rn-fetch-blob (from `../node_modules/rn-fetch-blob`)
  - RNCallKeep (from `../node_modules/react-native-callkeep`)
  - "RNCAsyncStorage (from `../node_modules/@react-native-community/async-storage`)"
  - "RNCMaskedView (from `../node_modules/@react-native-community/masked-view`)"
  - RNDeviceInfo (from `../node_modules/react-native-device-info`)
  - RNFastImage (from `../node_modules/react-native-fast-image`)
  - RNFirebase (from `../node_modules/react-native-firebase/ios`)
  - RNGestureHandler (from `../node_modules/react-native-gesture-handler`)
  - RNImageCropPicker (from `../node_modules/react-native-image-crop-picker`)
  - RNReanimated (from `../node_modules/react-native-reanimated`)
  - RNScreens (from `../node_modules/react-native-screens`)
  - RNSound (from `../node_modules/react-native-sound`)
  - RNSVG (from `../node_modules/react-native-svg`)
  - RNVectorIcons (from `../node_modules/react-native-vector-icons`)
  - RNVoipPushNotification (from `../node_modules/react-native-voip-push-notification`)
  - "toolbar-android (from `../node_modules/@react-native-community/toolbar-android`)"
  - Yoga (from `../node_modules/react-native/ReactCommon/yoga`)

SPEC REPOS:
  trunk:
    - AppCenter
    - AppCenterReactNativeShared
    - boost-for-react-native
    - Crashlytics
    - Fabric
    - Firebase
    - FirebaseAnalytics
    - FirebaseAnalyticsInterop
    - FirebaseCore
    - FirebaseInstanceID
    - FirebaseMessaging
    - GoogleAppMeasurement
    - GoogleUtilities
    - libwebp
    - nanopb
    - PromisesObjC
    - Protobuf
    - SDWebImage
    - SDWebImageWebPCoder
    - Toast
    - TOCropViewController
    - YoutubePlayer-in-WKWebView

EXTERNAL SOURCES:
  appcenter-analytics:
    :path: "../node_modules/appcenter-analytics/ios"
  appcenter-core:
    :path: "../node_modules/appcenter/ios"
  appcenter-crashes:
    :path: "../node_modules/appcenter-crashes/ios"
  DoubleConversion:
    :podspec: "../node_modules/react-native/third-party-podspecs/DoubleConversion.podspec"
  FBLazyVector:
    :path: "../node_modules/react-native/Libraries/FBLazyVector"
  FBReactNativeSpec:
    :path: "../node_modules/react-native/Libraries/FBReactNativeSpec"
  Folly:
    :podspec: "../node_modules/react-native/third-party-podspecs/Folly.podspec"
  glog:
    :podspec: "../node_modules/react-native/third-party-podspecs/glog.podspec"
  RCTRequired:
    :path: "../node_modules/react-native/Libraries/RCTRequired"
  RCTTypeSafety:
    :path: "../node_modules/react-native/Libraries/TypeSafety"
  RCTYouTube:
    :path: "../node_modules/react-native-youtube"
  React:
    :path: "../node_modules/react-native/"
  React-Core:
    :path: "../node_modules/react-native/"
  React-CoreModules:
    :path: "../node_modules/react-native/React/CoreModules"
  React-cxxreact:
    :path: "../node_modules/react-native/ReactCommon/cxxreact"
  React-jsi:
    :path: "../node_modules/react-native/ReactCommon/jsi"
  React-jsiexecutor:
    :path: "../node_modules/react-native/ReactCommon/jsiexecutor"
  React-jsinspector:
    :path: "../node_modules/react-native/ReactCommon/jsinspector"
  react-native-document-picker:
    :path: "../node_modules/react-native-document-picker"
  react-native-image-base64:
    :path: "../node_modules/react-native-image-base64"
  react-native-image-picker:
    :path: "../node_modules/react-native-image-picker"
  react-native-orientation:
    :path: "../node_modules/react-native-orientation"
  react-native-safe-area-context:
    :path: "../node_modules/react-native-safe-area-context"
  react-native-sensitive-info:
    :path: "../node_modules/react-native-sensitive-info"
  react-native-simple-toast:
    :path: "../node_modules/react-native-simple-toast"
  react-native-slider:
    :path: "../node_modules/@react-native-community/slider"
  react-native-splash-screen:
    :path: "../node_modules/react-native-splash-screen"
  react-native-video:
    :path: "../node_modules/react-native-video"
  react-native-webrtc:
    :path: "../node_modules/react-native-webrtc"
  react-native-webview:
    :path: "../node_modules/react-native-webview"
  React-RCTActionSheet:
    :path: "../node_modules/react-native/Libraries/ActionSheetIOS"
  React-RCTAnimation:
    :path: "../node_modules/react-native/Libraries/NativeAnimation"
  React-RCTBlob:
    :path: "../node_modules/react-native/Libraries/Blob"
  React-RCTImage:
    :path: "../node_modules/react-native/Libraries/Image"
  React-RCTLinking:
    :path: "../node_modules/react-native/Libraries/LinkingIOS"
  React-RCTNetwork:
    :path: "../node_modules/react-native/Libraries/Network"
  React-RCTSettings:
    :path: "../node_modules/react-native/Libraries/Settings"
  React-RCTText:
    :path: "../node_modules/react-native/Libraries/Text"
  React-RCTVibration:
    :path: "../node_modules/react-native/Libraries/Vibration"
  ReactCommon:
    :path: "../node_modules/react-native/ReactCommon"
  ReactNativeART:
    :path: "../node_modules/@react-native-community/art"
  ReactNativeIncallManager:
    :path: "../node_modules/react-native-incall-manager"
  rn-fetch-blob:
    :path: "../node_modules/rn-fetch-blob"
  RNCallKeep:
    :path: "../node_modules/react-native-callkeep"
  RNCAsyncStorage:
    :path: "../node_modules/@react-native-community/async-storage"
  RNCMaskedView:
    :path: "../node_modules/@react-native-community/masked-view"
  RNDeviceInfo:
    :path: "../node_modules/react-native-device-info"
  RNFastImage:
    :path: "../node_modules/react-native-fast-image"
  RNFirebase:
    :path: "../node_modules/react-native-firebase/ios"
  RNGestureHandler:
    :path: "../node_modules/react-native-gesture-handler"
  RNImageCropPicker:
    :path: "../node_modules/react-native-image-crop-picker"
  RNReanimated:
    :path: "../node_modules/react-native-reanimated"
  RNScreens:
    :path: "../node_modules/react-native-screens"
  RNSound:
    :path: "../node_modules/react-native-sound"
  RNSVG:
    :path: "../node_modules/react-native-svg"
  RNVectorIcons:
    :path: "../node_modules/react-native-vector-icons"
  RNVoipPushNotification:
    :path: "../node_modules/react-native-voip-push-notification"
  toolbar-android:
    :path: "../node_modules/@react-native-community/toolbar-android"
  Yoga:
    :path: "../node_modules/react-native/ReactCommon/yoga"

SPEC CHECKSUMS:
  AppCenter: 76ecf7e959a68e36b0fd314e8dc5897660214423
  appcenter-analytics: bce201b504c8138d235e6f42de1f36d30d2cd7f5
  appcenter-core: 086ab16077baef60368c6a119af6e9e127406286
  appcenter-crashes: 10790bf670f79150f1654d79f76c10a8b4936688
  AppCenterReactNativeShared: 2ec88a4ac2c52cdbc828a1f9c16244b534c84026
  boost-for-react-native: 39c7adb57c4e60d6c5479dd8623128eb5b3f0f2c
  Crashlytics: 540b7e5f5da5a042647227a5e3ac51d85eed06df
  DoubleConversion: 5805e889d232975c086db112ece9ed034df7a0b2
  Fabric: 706c8b8098fff96c33c0db69cbf81f9c551d0d74
  FBLazyVector: aaeaf388755e4f29cd74acbc9e3b8da6d807c37f
  FBReactNativeSpec: 118d0d177724c2d67f08a59136eb29ef5943ec75
  Firebase: 8432d732974498afd5987e9001a05f90f1a3d625
  FirebaseAnalytics: 470ddab7253b21ad5a40bebd4a9903d7ae19386a
  FirebaseAnalyticsInterop: 3f86269c38ae41f47afeb43ebf32a001f58fcdae
  FirebaseCore: 68f8a7f50cdae542715d4e86afa37c4067217dcb
  FirebaseInstanceID: ebd2ea79ee38db0cb5f5167b17a0d387e1cc7b6e
  FirebaseMessaging: 6bb0bdaf64c55fef7a219b7bb1e94e94a0855ced
  Folly: 30e7936e1c45c08d884aa59369ed951a8e68cf51
  glog: 1f3da668190260b06b429bb211bfbee5cd790c28
  GoogleAppMeasurement: a35a645835bae31b6bdc0576396bc23908f12a22
  GoogleUtilities: e121a3867449ce16b0e35ddf1797ea7a389ffdf2
  libwebp: 946cb3063cea9236285f7e9a8505d806d30e07f3
  nanopb: 18003b5e52dab79db540fe93fe9579f399bd1ccd
  PromisesObjC: b48e0338dbbac2207e611750777895f7a5811b75
  Protobuf: 2793fcd0622a00b546c60e7cbbcc493e043e9bb9
  RCTRequired: b153add4da6e7dbc44aebf93f3cf4fcae392ddf1
  RCTTypeSafety: 9aa1b91d7f9310fc6eadc3cf95126ffe818af320
  RCTYouTube: 7ff7d42f5ed42d185198681e967fd2c2b661375d
  React: b6a59ef847b2b40bb6e0180a97d0ca716969ac78
  React-Core: 688b451f7d616cc1134ac95295b593d1b5158a04
  React-CoreModules: d04f8494c1a328b69ec11db9d1137d667f916dcb
  React-cxxreact: d0f7bcafa196ae410e5300736b424455e7fb7ba7
  React-jsi: cb2cd74d7ccf4cffb071a46833613edc79cdf8f7
  React-jsiexecutor: d5525f9ed5f782fdbacb64b9b01a43a9323d2386
  React-jsinspector: fa0ecc501688c3c4c34f28834a76302233e29dc0
  react-native-document-picker: c5752781fbc0c126c627c1549b037c139444a4cf
  react-native-image-base64: acfe962aa79535d826a2668e66474e85a9ee468d
  react-native-image-picker: a6c3d644751a388b0fc8b56822ff7cbd398a3008
  react-native-orientation: d4a97266b06ec8d45d74e626656a730ebbebbb6f
  react-native-safe-area-context: 042dfc9d4db17196841df962ba9497f6e7a5bd02
  react-native-sensitive-info: 400c6e3d27945e15c8cddb5b4b92233c85ee06f8
  react-native-simple-toast: a3a8e9033a549c11741debe875e54698cc4c0dd7
  react-native-slider: b733e17fdd31186707146debf1f04b5d94aa1a93
  react-native-splash-screen: 200d11d188e2e78cea3ad319964f6142b6384865
  react-native-video: aa527b0acb37f94c4491e70df0274cb26979405d
  react-native-webrtc: 9268ae9a2bc9730796b0968d012327e92c392adf
  react-native-webview: 9c0e18449cd46f652f255a8ac5f911195127b8ca
  React-RCTActionSheet: 600b4d10e3aea0913b5a92256d2719c0cdd26d76
  React-RCTAnimation: 791a87558389c80908ed06cc5dfc5e7920dfa360
  React-RCTBlob: d89293cc0236d9cb0933d85e430b0bbe81ad1d72
  React-RCTImage: 6b8e8df449eb7c814c99a92d6b52de6fe39dea4e
  React-RCTLinking: 121bb231c7503cf9094f4d8461b96a130fabf4a5
  React-RCTNetwork: fb353640aafcee84ca8b78957297bd395f065c9a
  React-RCTSettings: 8db258ea2a5efee381fcf7a6d5044e2f8b68b640
  React-RCTText: 9ccc88273e9a3aacff5094d2175a605efa854dbe
  React-RCTVibration: a49a1f42bf8f5acf1c3e297097517c6b3af377ad
  ReactCommon: 198c7c8d3591f975e5431bec1b0b3b581aa1c5dd
  ReactNativeART: f003b07dfa7098aa419ed95b69560923440b1eee
  ReactNativeIncallManager: 35e387f58d3fc6e8cc042f47a2256b5f50134a67
  rn-fetch-blob: f065bb7ab7fb48dd002629f8bdcb0336602d3cba
  RNCallKeep: 3de65c1f97b6fb5d2cf065fcf53b80579e334fa8
  RNCAsyncStorage: db711e29e5e0500d9bd21aa0c2e397efa45302b1
  RNCMaskedView: f5c7d14d6847b7b44853f7acb6284c1da30a3459
  RNDeviceInfo: c5fa705c8914c42800ff36e86d25d277e8eb16ff
  RNFastImage: 9b0c22643872bb7494c8d87bbbb66cc4c0d9e7a2
  RNFirebase: 37daa9a346d070f9f6ee1f3b4aaf4c8e3b1d5d1c
  RNGestureHandler: b6b359bb800ae399a9c8b27032bdbf7c18f08a08
  RNImageCropPicker: f0557a908758c4a3f83978894ec7227651529b45
  RNReanimated: c2bb7438b57a3d987bb2e4e6e4bca94787e30b02
  RNScreens: c526239bbe0e957b988dacc8d75ac94ec9cb19da
  RNSound: c980916b596cc15c8dcd2f6ecd3b13c4881dbe20
  RNSVG: 67f1f12dae2cef6ed59a42cae74a6b8f5a9e7b46
  RNVectorIcons: 368d6d8b8301224e5ffb6254191f4f8876c2be0d
  RNVoipPushNotification: be6f70cac9d1fd73e020063093f635f64d97c9c6
  SDWebImage: cf6922231e95550934da2ada0f20f2becf2ceba9
  SDWebImageWebPCoder: 947093edd1349d820c40afbd9f42acb6cdecd987
  Toast: 91b396c56ee72a5790816f40d3a94dd357abc196
  TOCropViewController: 2a1ae1242600b1f2d996fd91a5268b2309a33b5c
  toolbar-android: 404f4450b203597e7b417f714ff417bed562a1be
  Yoga: f2a7cd4280bfe2cca5a7aed98ba0eb3d1310f18b
  YoutubePlayer-in-WKWebView: af2f5929fc78882d94bfdfeea999b661b78d9717

PODFILE CHECKSUM: 38f57c400619304f552ba177f9cf27ffd2669805

COCOAPODS: 1.9.3
